github.com/cplieger/runesafe/v2 v2.0.0 h1:jEkFU2dbDxKLwgHag6l3gbSLpRNfkD8mMsdiCgu56wY=
github.com/cplieger/runesafe/v2 v2.0.0/go.mod h1:X3avIOn44UaASh8QEhXDIKNWA4HLmSAZYWywNwpOYyE=
pgregory.net/rapid v1.3.0 h1:vBvO0VSqti75J1jjYqpgPNBLKMd1+gxa9fYo7vk/Exc=
pgregory.net/rapid v1.3.0/go.mod h1:dPlE4OBBxgXPqkP79flB6sJL1dx5azpI7HQ9MY9Z7uk=
