github.com/cplieger/runesafe/v2 v2.1.0 h1:MTFMH5VDk9+bhbUces9LweBAO9Bsayy/hKLFBOqewj8=
github.com/cplieger/runesafe/v2 v2.1.0/go.mod h1:cB0JYmCjfU+VzKAFWnhYfJL8OK0+d196ZSwh+Ohr+0k=
pgregory.net/rapid v1.3.0 h1:vBvO0VSqti75J1jjYqpgPNBLKMd1+gxa9fYo7vk/Exc=
pgregory.net/rapid v1.3.0/go.mod h1:dPlE4OBBxgXPqkP79flB6sJL1dx5azpI7HQ9MY9Z7uk=
