github.com/cplieger/runesafe/v3 v3.0.0 h1:kswlOohhxhTqCLP/tATUqqoQvqXYVrcWjouRQE4EP3w=
github.com/cplieger/runesafe/v3 v3.0.0/go.mod h1:fRNhoxNxl4NHo4xkFyf5hePwPE7lGwcuGYN9MwyKZDU=
pgregory.net/rapid v1.3.0 h1:vBvO0VSqti75J1jjYqpgPNBLKMd1+gxa9fYo7vk/Exc=
pgregory.net/rapid v1.3.0/go.mod h1:dPlE4OBBxgXPqkP79flB6sJL1dx5azpI7HQ9MY9Z7uk=
